
Microsoft Visual Studio Solution File, Format Version 12.00
# Visual Studio 15
VisualStudioVersion = 15.0.28307.421
MinimumVisualStudioVersion = 10.0.40219.1
Project("{FAE04EC0-301F-11D3-BF4B-00C04F79EFBC}") = "ResponsiPemrog2276", "ResponsiPemrog2276\ResponsiPemrog2276.csproj", "{961AD378-3BC0-4C44-AA0A-969F2AF184EE}"
EndProject
Global
	GlobalSection(SolutionConfigurationPlatforms) = preSolution
		Debug|Any CPU = Debug|Any CPU
		Release|Any CPU = Release|Any CPU
	EndGlobalSection
	GlobalSection(ProjectConfigurationPlatforms) = postSolution
		{961AD378-3BC0-4C44-AA0A-969F2AF184EE}.Debug|Any CPU.ActiveCfg = Debug|Any CPU
		{961AD378-3BC0-4C44-AA0A-969F2AF184EE}.Debug|Any CPU.Build.0 = Debug|Any CPU
		{961AD378-3BC0-4C44-AA0A-969F2AF184EE}.Release|Any CPU.ActiveCfg = Release|Any CPU
		{961AD378-3BC0-4C44-AA0A-969F2AF184EE}.Release|Any CPU.Build.0 = Release|Any CPU
	EndGlobalSection
	GlobalSection(SolutionProperties) = preSolution
		HideSolutionNode = FALSE
	EndGlobalSection
	GlobalSection(ExtensibilityGlobals) = postSolution
		SolutionGuid = {0369D0F8-5F9B-4992-9609-B9371A369374}
	EndGlobalSection
EndGlobal
